
Microsoft Visual Studio Solution File, Format Version 12.00
# Visual Studio Version 17
VisualStudioVersion = 17.3.32819.101
MinimumVisualStudioVersion = 10.0.40219.1
Project("{FAE04EC0-301F-11D3-BF4B-00C04F79EFBC}") = "ProtobufTool", "ProtobufTool\ProtobufTool.csproj", "{FB255FCC-CA85-4CD7-B43F-B192E8E7A4DF}"
EndProject
Global
	GlobalSection(SolutionConfigurationPlatforms) = preSolution
		Debug|Any CPU = Debug|Any CPU
		Release|Any CPU = Release|Any CPU
	EndGlobalSection
	GlobalSection(ProjectConfigurationPlatforms) = postSolution
		{FB255FCC-CA85-4CD7-B43F-B192E8E7A4DF}.Debug|Any CPU.ActiveCfg = Debug|Any CPU
		{FB255FCC-CA85-4CD7-B43F-B192E8E7A4DF}.Debug|Any CPU.Build.0 = Debug|Any CPU
		{FB255FCC-CA85-4CD7-B43F-B192E8E7A4DF}.Release|Any CPU.ActiveCfg = Release|Any CPU
		{FB255FCC-CA85-4CD7-B43F-B192E8E7A4DF}.Release|Any CPU.Build.0 = Release|Any CPU
	EndGlobalSection
	GlobalSection(SolutionProperties) = preSolution
		HideSolutionNode = FALSE
	EndGlobalSection
	GlobalSection(ExtensibilityGlobals) = postSolution
		SolutionGuid = {03A105BA-340D-4289-B5D3-86782017A798}
	EndGlobalSection
EndGlobal
